Microsoft Visual Studio Solution File, Format Version 12.00
# Visual Studio Version 17
VisualStudioVersion = 17.5.2.0
MinimumVisualStudioVersion = 10.0.40219.1
Project("{FAE04EC0-301F-11D3-BF4B-00C04F79EFBC}") = "Web1", "Web1.csproj", "{C232815E-D33C-EEDE-D886-03338EF9E7CD}"
EndProject
Global
	GlobalSection(SolutionConfigurationPlatforms) = preSolution
		Debug|Any CPU = Debug|Any CPU
		Release|Any CPU = Release|Any CPU
	EndGlobalSection
	GlobalSection(ProjectConfigurationPlatforms) = postSolution
		{C232815E-D33C-EEDE-D886-03338EF9E7CD}.Debug|Any CPU.ActiveCfg = Debug|Any CPU
		{C232815E-D33C-EEDE-D886-03338EF9E7CD}.Debug|Any CPU.Build.0 = Debug|Any CPU
		{C232815E-D33C-EEDE-D886-03338EF9E7CD}.Release|Any CPU.ActiveCfg = Release|Any CPU
		{C232815E-D33C-EEDE-D886-03338EF9E7CD}.Release|Any CPU.Build.0 = Release|Any CPU
	EndGlobalSection
	GlobalSection(SolutionProperties) = preSolution
		HideSolutionNode = FALSE
	EndGlobalSection
	GlobalSection(ExtensibilityGlobals) = postSolution
		SolutionGuid = {90ADFD91-4BB1-40B4-BC9D-87650B19E1D2}
	EndGlobalSection
EndGlobal
